
Microsoft Visual Studio Solution File, Format Version 12.00
# Visual Studio Version 17
VisualStudioVersion = 17.9.34728.123
MinimumVisualStudioVersion = 10.0.40219.1
Project("{FAE04EC0-301F-11D3-BF4B-00C04F79EFBC}") = "Project2_Class", "Project2_Class.csproj", "{6DA48769-1EC5-4501-A7A9-969AC9D71AE3}"
EndProject
Global
	GlobalSection(SolutionConfigurationPlatforms) = preSolution
		Debug|Any CPU = Debug|Any CPU
		Release|Any CPU = Release|Any CPU
	EndGlobalSection
	GlobalSection(ProjectConfigurationPlatforms) = postSolution
		{6DA48769-1EC5-4501-A7A9-969AC9D71AE3}.Debug|Any CPU.ActiveCfg = Debug|Any CPU
		{6DA48769-1EC5-4501-A7A9-969AC9D71AE3}.Debug|Any CPU.Build.0 = Debug|Any CPU
		{6DA48769-1EC5-4501-A7A9-969AC9D71AE3}.Release|Any CPU.ActiveCfg = Release|Any CPU
		{6DA48769-1EC5-4501-A7A9-969AC9D71AE3}.Release|Any CPU.Build.0 = Release|Any CPU
	EndGlobalSection
	GlobalSection(SolutionProperties) = preSolution
		HideSolutionNode = FALSE
	EndGlobalSection
	GlobalSection(ExtensibilityGlobals) = postSolution
		SolutionGuid = {EF4C7690-C5BB-4AD2-89CB-FEF87A5E02F6}
	EndGlobalSection
EndGlobal
